
Microsoft Visual Studio Solution File, Format Version 12.00
# Visual Studio Version 16
VisualStudioVersion = 16.0.30011.22
MinimumVisualStudioVersion = 10.0.40219.1
Project("{FAE04EC0-301F-11D3-BF4B-00C04F79EFBC}") = "CourseworkWPF", "CourseworkWPF\CourseworkWPF.csproj", "{3F35F9D1-2EB8-4C8A-B816-9A4328A559BB}"
EndProject
Project("{FAE04EC0-301F-11D3-BF4B-00C04F79EFBC}") = "ClassLibrary", "ClassLibrary\ClassLibrary.csproj", "{4AA45EE7-BFFE-4E4F-BAC0-9AEA1269D405}"
EndProject
Project("{FAE04EC0-301F-11D3-BF4B-00C04F79EFBC}") = "UnitTestProject", "UnitTestProject\UnitTestProject.csproj", "{2B160A94-7689-4C1F-8E2F-E0A1BC9B20FF}"
EndProject
Global
	GlobalSection(SolutionConfigurationPlatforms) = preSolution
		Debug|Any CPU = Debug|Any CPU
		Release|Any CPU = Release|Any CPU
	EndGlobalSection
	GlobalSection(ProjectConfigurationPlatforms) = postSolution
		{3F35F9D1-2EB8-4C8A-B816-9A4328A559BB}.Debug|Any CPU.ActiveCfg = Debug|Any CPU
		{3F35F9D1-2EB8-4C8A-B816-9A4328A559BB}.Debug|Any CPU.Build.0 = Debug|Any CPU
		{3F35F9D1-2EB8-4C8A-B816-9A4328A559BB}.Release|Any CPU.ActiveCfg = Release|Any CPU
		{3F35F9D1-2EB8-4C8A-B816-9A4328A559BB}.Release|Any CPU.Build.0 = Release|Any CPU
		{4AA45EE7-BFFE-4E4F-BAC0-9AEA1269D405}.Debug|Any CPU.ActiveCfg = Debug|Any CPU
		{4AA45EE7-BFFE-4E4F-BAC0-9AEA1269D405}.Debug|Any CPU.Build.0 = Debug|Any CPU
		{4AA45EE7-BFFE-4E4F-BAC0-9AEA1269D405}.Release|Any CPU.ActiveCfg = Release|Any CPU
		{4AA45EE7-BFFE-4E4F-BAC0-9AEA1269D405}.Release|Any CPU.Build.0 = Release|Any CPU
		{2B160A94-7689-4C1F-8E2F-E0A1BC9B20FF}.Debug|Any CPU.ActiveCfg = Debug|Any CPU
		{2B160A94-7689-4C1F-8E2F-E0A1BC9B20FF}.Debug|Any CPU.Build.0 = Debug|Any CPU
		{2B160A94-7689-4C1F-8E2F-E0A1BC9B20FF}.Release|Any CPU.ActiveCfg = Release|Any CPU
		{2B160A94-7689-4C1F-8E2F-E0A1BC9B20FF}.Release|Any CPU.Build.0 = Release|Any CPU
	EndGlobalSection
	GlobalSection(SolutionProperties) = preSolution
		HideSolutionNode = FALSE
	EndGlobalSection
	GlobalSection(ExtensibilityGlobals) = postSolution
		SolutionGuid = {0DA890C5-D785-4E20-A8DC-72C24E72A5A9}
	EndGlobalSection
EndGlobal
